
Microsoft Visual Studio Solution File, Format Version 12.00
# Visual Studio Version 17
VisualStudioVersion = 17.11.35327.3
MinimumVisualStudioVersion = 10.0.40219.1
Project("{FAE04EC0-301F-11D3-BF4B-00C04F79EFBC}") = "Conversii", "Conversii\Conversii.csproj", "{C8E3181C-0196-4F49-9997-530130D0B5D1}"
EndProject
Global
	GlobalSection(SolutionConfigurationPlatforms) = preSolution
		Debug|Any CPU = Debug|Any CPU
		Release|Any CPU = Release|Any CPU
	EndGlobalSection
	GlobalSection(ProjectConfigurationPlatforms) = postSolution
		{C8E3181C-0196-4F49-9997-530130D0B5D1}.Debug|Any CPU.ActiveCfg = Debug|Any CPU
		{C8E3181C-0196-4F49-9997-530130D0B5D1}.Debug|Any CPU.Build.0 = Debug|Any CPU
		{C8E3181C-0196-4F49-9997-530130D0B5D1}.Release|Any CPU.ActiveCfg = Release|Any CPU
		{C8E3181C-0196-4F49-9997-530130D0B5D1}.Release|Any CPU.Build.0 = Release|Any CPU
	EndGlobalSection
	GlobalSection(SolutionProperties) = preSolution
		HideSolutionNode = FALSE
	EndGlobalSection
	GlobalSection(ExtensibilityGlobals) = postSolution
		SolutionGuid = {D814265F-48ED-4DDC-9854-C3912DBE1EF2}
	EndGlobalSection
EndGlobal
